
Microsoft Visual Studio Solution File, Format Version 12.00
# Visual Studio Version 17
VisualStudioVersion = 17.10.35013.160
MinimumVisualStudioVersion = 10.0.40219.1
Project("{9A19103F-16F7-4668-BE54-9A1E7A4F7556}") = "BusinessLayer", "BusinessLayer\BusinessLayer.csproj", "{411B9298-4118-46D3-8337-55F444AD2D72}"
EndProject
Project("{9A19103F-16F7-4668-BE54-9A1E7A4F7556}") = "DataAccessLayer", "DataAccessLayer\DataAccessLayer.csproj", "{C95C44A8-EAF9-4F89-B5C5-74B89DB6EE85}"
EndProject
Project("{9A19103F-16F7-4668-BE54-9A1E7A4F7556}") = "EntityLayer", "EntityLayer\EntityLayer.csproj", "{EEC7D11F-B2AE-4269-80F9-1B8129ECFE5F}"
EndProject
Project("{9A19103F-16F7-4668-BE54-9A1E7A4F7556}") = "PortfolioProject", "PortfolioProject\PortfolioProject.csproj", "{78169D98-04AB-4369-B47A-104490BDF127}"
EndProject
Global
	GlobalSection(SolutionConfigurationPlatforms) = preSolution
		Debug|Any CPU = Debug|Any CPU
		Release|Any CPU = Release|Any CPU
	EndGlobalSection
	GlobalSection(ProjectConfigurationPlatforms) = postSolution
		{411B9298-4118-46D3-8337-55F444AD2D72}.Debug|Any CPU.ActiveCfg = Debug|Any CPU
		{411B9298-4118-46D3-8337-55F444AD2D72}.Debug|Any CPU.Build.0 = Debug|Any CPU
		{411B9298-4118-46D3-8337-55F444AD2D72}.Release|Any CPU.ActiveCfg = Release|Any CPU
		{411B9298-4118-46D3-8337-55F444AD2D72}.Release|Any CPU.Build.0 = Release|Any CPU
		{C95C44A8-EAF9-4F89-B5C5-74B89DB6EE85}.Debug|Any CPU.ActiveCfg = Debug|Any CPU
		{C95C44A8-EAF9-4F89-B5C5-74B89DB6EE85}.Debug|Any CPU.Build.0 = Debug|Any CPU
		{C95C44A8-EAF9-4F89-B5C5-74B89DB6EE85}.Release|Any CPU.ActiveCfg = Release|Any CPU
		{C95C44A8-EAF9-4F89-B5C5-74B89DB6EE85}.Release|Any CPU.Build.0 = Release|Any CPU
		{EEC7D11F-B2AE-4269-80F9-1B8129ECFE5F}.Debug|Any CPU.ActiveCfg = Debug|Any CPU
		{EEC7D11F-B2AE-4269-80F9-1B8129ECFE5F}.Debug|Any CPU.Build.0 = Debug|Any CPU
		{EEC7D11F-B2AE-4269-80F9-1B8129ECFE5F}.Release|Any CPU.ActiveCfg = Release|Any CPU
		{EEC7D11F-B2AE-4269-80F9-1B8129ECFE5F}.Release|Any CPU.Build.0 = Release|Any CPU
		{78169D98-04AB-4369-B47A-104490BDF127}.Debug|Any CPU.ActiveCfg = Debug|Any CPU
		{78169D98-04AB-4369-B47A-104490BDF127}.Debug|Any CPU.Build.0 = Debug|Any CPU
		{78169D98-04AB-4369-B47A-104490BDF127}.Release|Any CPU.ActiveCfg = Release|Any CPU
		{78169D98-04AB-4369-B47A-104490BDF127}.Release|Any CPU.Build.0 = Release|Any CPU
	EndGlobalSection
	GlobalSection(SolutionProperties) = preSolution
		HideSolutionNode = FALSE
	EndGlobalSection
	GlobalSection(ExtensibilityGlobals) = postSolution
		SolutionGuid = {B7A7B841-3387-40D6-891C-D5D7B5DF348E}
	EndGlobalSection
EndGlobal
